Microsoft Visual Studio Solution File, Format Version 12.00
# Visual Studio Version 17
VisualStudioVersion = 17.5.2.0
MinimumVisualStudioVersion = 10.0.40219.1
Project("{2150E333-8FDC-42A3-9474-1A3956D46DE8}") = "packages", "packages", "{809F86A1-1C4C-B159-0CD4-DF9D33D876CE}"
EndProject
Project("{FAE04EC0-301F-11D3-BF4B-00C04F79EFBC}") = "server-dotnet", "packages\server-dotnet\server-dotnet.csproj", "{B404A2F8-6910-09DF-F2A2-3BDC3F70FAE6}"
EndProject
Global
	GlobalSection(SolutionConfigurationPlatforms) = preSolution
		Debug|Any CPU = Debug|Any CPU
		Release|Any CPU = Release|Any CPU
	EndGlobalSection
	GlobalSection(ProjectConfigurationPlatforms) = postSolution
		{B404A2F8-6910-09DF-F2A2-3BDC3F70FAE6}.Debug|Any CPU.ActiveCfg = Debug|Any CPU
		{B404A2F8-6910-09DF-F2A2-3BDC3F70FAE6}.Debug|Any CPU.Build.0 = Debug|Any CPU
		{B404A2F8-6910-09DF-F2A2-3BDC3F70FAE6}.Release|Any CPU.ActiveCfg = Release|Any CPU
		{B404A2F8-6910-09DF-F2A2-3BDC3F70FAE6}.Release|Any CPU.Build.0 = Release|Any CPU
	EndGlobalSection
	GlobalSection(SolutionProperties) = preSolution
		HideSolutionNode = FALSE
	EndGlobalSection
	GlobalSection(NestedProjects) = preSolution
		{B404A2F8-6910-09DF-F2A2-3BDC3F70FAE6} = {809F86A1-1C4C-B159-0CD4-DF9D33D876CE}
	EndGlobalSection
	GlobalSection(ExtensibilityGlobals) = postSolution
		SolutionGuid = {BF72D377-B6E7-4DFE-9704-91D0C9A3998B}
	EndGlobalSection
EndGlobal
